
Microsoft Visual Studio Solution File, Format Version 12.00
Project("{FAE04EC0-301F-11D3-BF4B-00C04F79EFBC}") = "HelpTrader", "HelpTrader\HelpTrader.csproj", "{88763E06-FB13-4A23-9335-53048B431AC5}"
EndProject
Project("{FAE04EC0-301F-11D3-BF4B-00C04F79EFBC}") = "SimulatorBroker", "SimulatorBroker\SimulatorBroker.csproj", "{CF5E1BF9-99EB-43E2-A831-80C63F9147F0}"
EndProject
Global
	GlobalSection(SolutionConfigurationPlatforms) = preSolution
		Debug|Any CPU = Debug|Any CPU
		Release|Any CPU = Release|Any CPU
	EndGlobalSection
	GlobalSection(ProjectConfigurationPlatforms) = postSolution
		{88763E06-FB13-4A23-9335-53048B431AC5}.Debug|Any CPU.ActiveCfg = Debug|Any CPU
		{88763E06-FB13-4A23-9335-53048B431AC5}.Debug|Any CPU.Build.0 = Debug|Any CPU
		{88763E06-FB13-4A23-9335-53048B431AC5}.Release|Any CPU.ActiveCfg = Release|Any CPU
		{88763E06-FB13-4A23-9335-53048B431AC5}.Release|Any CPU.Build.0 = Release|Any CPU
		{CF5E1BF9-99EB-43E2-A831-80C63F9147F0}.Debug|Any CPU.ActiveCfg = Debug|Any CPU
		{CF5E1BF9-99EB-43E2-A831-80C63F9147F0}.Debug|Any CPU.Build.0 = Debug|Any CPU
		{CF5E1BF9-99EB-43E2-A831-80C63F9147F0}.Release|Any CPU.ActiveCfg = Release|Any CPU
		{CF5E1BF9-99EB-43E2-A831-80C63F9147F0}.Release|Any CPU.Build.0 = Release|Any CPU
	EndGlobalSection
EndGlobal
