
Microsoft Visual Studio Solution File, Format Version 12.00
Project("{FAE04EC0-301F-11D3-BF4B-00C04F79EFBC}") = "HelpTrader", "HelpTrader\HelpTrader.csproj", "{88763E06-FB13-4A23-9335-53048B431AC5}"
EndProject
Project("{2150E333-8FDC-42A3-9474-1A3956D46DE8}") = "Migrations", "Migrations", "{A38ED8DF-B95E-4B14-A2B3-5CDBEFB06EC1}"
EndProject
Project("{FAE04EC0-301F-11D3-BF4B-00C04F79EFBC}") = "Migrations", "Migrations\Migrations\Migrations.csproj", "{6754FD50-B148-4048-A46C-41746F138C1B}"
EndProject
Global
	GlobalSection(SolutionConfigurationPlatforms) = preSolution
		Debug|Any CPU = Debug|Any CPU
		Release|Any CPU = Release|Any CPU
	EndGlobalSection
	GlobalSection(ProjectConfigurationPlatforms) = postSolution
		{88763E06-FB13-4A23-9335-53048B431AC5}.Debug|Any CPU.ActiveCfg = Debug|Any CPU
		{88763E06-FB13-4A23-9335-53048B431AC5}.Debug|Any CPU.Build.0 = Debug|Any CPU
		{88763E06-FB13-4A23-9335-53048B431AC5}.Release|Any CPU.ActiveCfg = Release|Any CPU
		{88763E06-FB13-4A23-9335-53048B431AC5}.Release|Any CPU.Build.0 = Release|Any CPU
		{6754FD50-B148-4048-A46C-41746F138C1B}.Debug|Any CPU.ActiveCfg = Debug|Any CPU
		{6754FD50-B148-4048-A46C-41746F138C1B}.Debug|Any CPU.Build.0 = Debug|Any CPU
		{6754FD50-B148-4048-A46C-41746F138C1B}.Release|Any CPU.ActiveCfg = Release|Any CPU
		{6754FD50-B148-4048-A46C-41746F138C1B}.Release|Any CPU.Build.0 = Release|Any CPU
	EndGlobalSection
	GlobalSection(NestedProjects) = preSolution
		{6754FD50-B148-4048-A46C-41746F138C1B} = {A38ED8DF-B95E-4B14-A2B3-5CDBEFB06EC1}
	EndGlobalSection
EndGlobal
